// !$*UTF8*$!
{
	archiveVersion = 1;
	classes = {
	};
	objectVersion = 56;
	objects = {

/* Begin PBXBuildFile section */
		90FF93552C883CE7001CDCE4 /* wakeonlanApp.swift in Sources */ = {isa = PBXBuildFile; fileRef = 90FF93542C883CE7001CDCE4 /* wakeonlanApp.swift */; };
		90FF93572C883CE7001CDCE4 /* ContentView.swift in Sources */ = {isa = PBXBuildFile; fileRef = 90FF93562C883CE7001CDCE4 /* ContentView.swift */; };
		90FF93592C883CE9001CDCE4 /* Assets.xcassets in Resources */ = {isa = PBXBuildFile; fileRef = 90FF93582C883CE9001CDCE4 /* Assets.xcassets */; };
		90FF935D2C883CE9001CDCE4 /* Preview Assets.xcassets in Resources */ = {isa = PBXBuildFile; fileRef = 90FF935C2C883CE9001CDCE4 /* Preview Assets.xcassets */; };
		90FF93642C883DB2001CDCE4 /* DeviceListView.swift in Sources */ = {isa = PBXBuildFile; fileRef = 90FF93632C883DB2001CDCE4 /* DeviceListView.swift */; };
		90FF93662C883EC1001CDCE4 /* DeviceListRow.swift in Sources */ = {isa = PBXBuildFile; fileRef = 90FF93652C883EC1001CDCE4 /* DeviceListRow.swift */; };
		90FF93682C884347001CDCE4 /* DeviceAddSheet.swift in Sources */ = {isa = PBXBuildFile; fileRef = 90FF93672C884347001CDCE4 /* DeviceAddSheet.swift */; };
		90FF936A2C8846ED001CDCE4 /* DeviceManagerClass.swift in Sources */ = {isa = PBXBuildFile; fileRef = 90FF93692C8846ED001CDCE4 /* DeviceManagerClass.swift */; };
		90FF936C2C884716001CDCE4 /* Structures.swift in Sources */ = {isa = PBXBuildFile; fileRef = 90FF936B2C884716001CDCE4 /* Structures.swift */; };
		90FF936E2C89B0DC001CDCE4 /* AboutSheet.swift in Sources */ = {isa = PBXBuildFile; fileRef = 90FF936D2C89B0DC001CDCE4 /* AboutSheet.swift */; };
		90FF93702C89B215001CDCE4 /* AppInfoClass.swift in Sources */ = {isa = PBXBuildFile; fileRef = 90FF936F2C89B215001CDCE4 /* AppInfoClass.swift */; };
/* End PBXBuildFile section */

/* Begin PBXFileReference section */
		90FF93512C883CE7001CDCE4 /* wakeonlan.app */ = {isa = PBXFileReference; explicitFileType = wrapper.application; includeInIndex = 0; path = wakeonlan.app; sourceTree = BUILT_PRODUCTS_DIR; };
		90FF93542C883CE7001CDCE4 /* wakeonlanApp.swift */ = {isa = PBXFileReference; lastKnownFileType = sourcecode.swift; path = wakeonlanApp.swift; sourceTree = "<group>"; };
		90FF93562C883CE7001CDCE4 /* ContentView.swift */ = {isa = PBXFileReference; lastKnownFileType = sourcecode.swift; path = ContentView.swift; sourceTree = "<group>"; };
		90FF93582C883CE9001CDCE4 /* Assets.xcassets */ = {isa = PBXFileReference; lastKnownFileType = folder.assetcatalog; path = Assets.xcassets; sourceTree = "<group>"; };
		90FF935A2C883CE9001CDCE4 /* wakeonlan.entitlements */ = {isa = PBXFileReference; lastKnownFileType = text.plist.entitlements; path = wakeonlan.entitlements; sourceTree = "<group>"; };
		90FF935C2C883CE9001CDCE4 /* Preview Assets.xcassets */ = {isa = PBXFileReference; lastKnownFileType = folder.assetcatalog; path = "Preview Assets.xcassets"; sourceTree = "<group>"; };
		90FF93632C883DB2001CDCE4 /* DeviceListView.swift */ = {isa = PBXFileReference; lastKnownFileType = sourcecode.swift; path = DeviceListView.swift; sourceTree = "<group>"; };
		90FF93652C883EC1001CDCE4 /* DeviceListRow.swift */ = {isa = PBXFileReference; lastKnownFileType = sourcecode.swift; path = DeviceListRow.swift; sourceTree = "<group>"; };
		90FF93672C884347001CDCE4 /* DeviceAddSheet.swift */ = {isa = PBXFileReference; lastKnownFileType = sourcecode.swift; path = DeviceAddSheet.swift; sourceTree = "<group>"; };
		90FF93692C8846ED001CDCE4 /* DeviceManagerClass.swift */ = {isa = PBXFileReference; lastKnownFileType = sourcecode.swift; path = DeviceManagerClass.swift; sourceTree = "<group>"; };
		90FF936B2C884716001CDCE4 /* Structures.swift */ = {isa = PBXFileReference; lastKnownFileType = sourcecode.swift; path = Structures.swift; sourceTree = "<group>"; };
		90FF936D2C89B0DC001CDCE4 /* AboutSheet.swift */ = {isa = PBXFileReference; lastKnownFileType = sourcecode.swift; path = AboutSheet.swift; sourceTree = "<group>"; };
		90FF936F2C89B215001CDCE4 /* AppInfoClass.swift */ = {isa = PBXFileReference; lastKnownFileType = sourcecode.swift; path = AppInfoClass.swift; sourceTree = "<group>"; };
/* End PBXFileReference section */

/* Begin PBXFrameworksBuildPhase section */
		90FF934E2C883CE7001CDCE4 /* Frameworks */ = {
			isa = PBXFrameworksBuildPhase;
			buildActionMask = 2147483647;
			files = (
			);
			runOnlyForDeploymentPostprocessing = 0;
		};
/* End PBXFrameworksBuildPhase section */

/* Begin PBXGroup section */
		90FF93482C883CE7001CDCE4 = {
			isa = PBXGroup;
			children = (
				90FF93532C883CE7001CDCE4 /* wakeonlan */,
				90FF93522C883CE7001CDCE4 /* Products */,
			);
			sourceTree = "<group>";
		};
		90FF93522C883CE7001CDCE4 /* Products */ = {
			isa = PBXGroup;
			children = (
				90FF93512C883CE7001CDCE4 /* wakeonlan.app */,
			);
			name = Products;
			sourceTree = "<group>";
		};
		90FF93532C883CE7001CDCE4 /* wakeonlan */ = {
			isa = PBXGroup;
			children = (
				90FF935A2C883CE9001CDCE4 /* wakeonlan.entitlements */,
				90FF93542C883CE7001CDCE4 /* wakeonlanApp.swift */,
				90FF93562C883CE7001CDCE4 /* ContentView.swift */,
				90FF93632C883DB2001CDCE4 /* DeviceListView.swift */,
				90FF93652C883EC1001CDCE4 /* DeviceListRow.swift */,
				90FF93672C884347001CDCE4 /* DeviceAddSheet.swift */,
				90FF936D2C89B0DC001CDCE4 /* AboutSheet.swift */,
				90FF936B2C884716001CDCE4 /* Structures.swift */,
				90FF93692C8846ED001CDCE4 /* DeviceManagerClass.swift */,
				90FF936F2C89B215001CDCE4 /* AppInfoClass.swift */,
				90FF93582C883CE9001CDCE4 /* Assets.xcassets */,
				90FF935B2C883CE9001CDCE4 /* Preview Content */,
			);
			path = wakeonlan;
			sourceTree = "<group>";
		};
		90FF935B2C883CE9001CDCE4 /* Preview Content */ = {
			isa = PBXGroup;
			children = (
				90FF935C2C883CE9001CDCE4 /* Preview Assets.xcassets */,
			);
			path = "Preview Content";
			sourceTree = "<group>";
		};
/* End PBXGroup section */

/* Begin PBXNativeTarget section */
		90FF93502C883CE7001CDCE4 /* wakeonlan */ = {
			isa = PBXNativeTarget;
			buildConfigurationList = 90FF93602C883CE9001CDCE4 /* Build configuration list for PBXNativeTarget "wakeonlan" */;
			buildPhases = (
				90FF934D2C883CE7001CDCE4 /* Sources */,
				90FF934E2C883CE7001CDCE4 /* Frameworks */,
				90FF934F2C883CE7001CDCE4 /* Resources */,
			);
			buildRules = (
			);
			dependencies = (
			);
			name = wakeonlan;
			productName = wakeonlan;
			productReference = 90FF93512C883CE7001CDCE4 /* wakeonlan.app */;
			productType = "com.apple.product-type.application";
		};
/* End PBXNativeTarget section */

/* Begin PBXProject section */
		90FF93492C883CE7001CDCE4 /* Project object */ = {
			isa = PBXProject;
			attributes = {
				BuildIndependentTargetsInParallel = 1;
				LastSwiftUpdateCheck = 1540;
				LastUpgradeCheck = 1540;
				TargetAttributes = {
					90FF93502C883CE7001CDCE4 = {
						CreatedOnToolsVersion = 15.4;
					};
				};
			};
			buildConfigurationList = 90FF934C2C883CE7001CDCE4 /* Build configuration list for PBXProject "wakeonlan" */;
			compatibilityVersion = "Xcode 14.0";
			developmentRegion = en;
			hasScannedForEncodings = 0;
			knownRegions = (
				en,
				Base,
			);
			mainGroup = 90FF93482C883CE7001CDCE4;
			productRefGroup = 90FF93522C883CE7001CDCE4 /* Products */;
			projectDirPath = "";
			projectRoot = "";
			targets = (
				90FF93502C883CE7001CDCE4 /* wakeonlan */,
			);
		};
/* End PBXProject section */

/* Begin PBXResourcesBuildPhase section */
		90FF934F2C883CE7001CDCE4 /* Resources */ = {
			isa = PBXResourcesBuildPhase;
			buildActionMask = 2147483647;
			files = (
				90FF935D2C883CE9001CDCE4 /* Preview Assets.xcassets in Resources */,
				90FF93592C883CE9001CDCE4 /* Assets.xcassets in Resources */,
			);
			runOnlyForDeploymentPostprocessing = 0;
		};
/* End PBXResourcesBuildPhase section */

/* Begin PBXSourcesBuildPhase section */
		90FF934D2C883CE7001CDCE4 /* Sources */ = {
			isa = PBXSourcesBuildPhase;
			buildActionMask = 2147483647;
			files = (
				90FF93642C883DB2001CDCE4 /* DeviceListView.swift in Sources */,
				90FF93572C883CE7001CDCE4 /* ContentView.swift in Sources */,
				90FF936A2C8846ED001CDCE4 /* DeviceManagerClass.swift in Sources */,
				90FF936C2C884716001CDCE4 /* Structures.swift in Sources */,
				90FF93662C883EC1001CDCE4 /* DeviceListRow.swift in Sources */,
				90FF93682C884347001CDCE4 /* DeviceAddSheet.swift in Sources */,
				90FF93702C89B215001CDCE4 /* AppInfoClass.swift in Sources */,
				90FF93552C883CE7001CDCE4 /* wakeonlanApp.swift in Sources */,
				90FF936E2C89B0DC001CDCE4 /* AboutSheet.swift in Sources */,
			);
			runOnlyForDeploymentPostprocessing = 0;
		};
/* End PBXSourcesBuildPhase section */

/* Begin XCBuildConfiguration section */
		90FF935E2C883CE9001CDCE4 /* Debug */ = {
			isa = XCBuildConfiguration;
			buildSettings = {
				ALWAYS_SEARCH_USER_PATHS = NO;
				ASSETCATALOG_COMPILER_GENERATE_SWIFT_ASSET_SYMBOL_EXTENSIONS = YES;
				CLANG_ANALYZER_NONNULL = YES;
				CLANG_ANALYZER_NUMBER_OBJECT_CONVERSION = YES_AGGRESSIVE;
				CLANG_CXX_LANGUAGE_STANDARD = "gnu++20";
				CLANG_ENABLE_MODULES = YES;
				CLANG_ENABLE_OBJC_ARC = YES;
				CLANG_ENABLE_OBJC_WEAK = YES;
				CLANG_WARN_BLOCK_CAPTURE_AUTORELEASING = YES;
				CLANG_WARN_BOOL_CONVERSION = YES;
				CLANG_WARN_COMMA = YES;
				CLANG_WARN_CONSTANT_CONVERSION = YES;
				CLANG_WARN_DEPRECATED_OBJC_IMPLEMENTATIONS = YES;
				CLANG_WARN_DIRECT_OBJC_ISA_USAGE = YES_ERROR;
				CLANG_WARN_DOCUMENTATION_COMMENTS = YES;
				CLANG_WARN_EMPTY_BODY = YES;
				CLANG_WARN_ENUM_CONVERSION = YES;
				CLANG_WARN_INFINITE_RECURSION = YES;
				CLANG_WARN_INT_CONVERSION = YES;
				CLANG_WARN_NON_LITERAL_NULL_CONVERSION = YES;
				CLANG_WARN_OBJC_IMPLICIT_RETAIN_SELF = YES;
				CLANG_WARN_OBJC_LITERAL_CONVERSION = YES;
				CLANG_WARN_OBJC_ROOT_CLASS = YES_ERROR;
				CLANG_WARN_QUOTED_INCLUDE_IN_FRAMEWORK_HEADER = YES;
				CLANG_WARN_RANGE_LOOP_ANALYSIS = YES;
				CLANG_WARN_STRICT_PROTOTYPES = YES;
				CLANG_WARN_SUSPICIOUS_MOVE = YES;
				CLANG_WARN_UNGUARDED_AVAILABILITY = YES_AGGRESSIVE;
				CLANG_WARN_UNREACHABLE_CODE = YES;
				CLANG_WARN__DUPLICATE_METHOD_MATCH = YES;
				COPY_PHASE_STRIP = NO;
				DEBUG_INFORMATION_FORMAT = dwarf;
				ENABLE_STRICT_OBJC_MSGSEND = YES;
				ENABLE_TESTABILITY = YES;
				ENABLE_USER_SCRIPT_SANDBOXING = YES;
				GCC_C_LANGUAGE_STANDARD = gnu17;
				GCC_DYNAMIC_NO_PIC = NO;
				GCC_NO_COMMON_BLOCKS = YES;
				GCC_OPTIMIZATION_LEVEL = 0;
				GCC_PREPROCESSOR_DEFINITIONS = (
					"DEBUG=1",
					"$(inherited)",
				);
				GCC_WARN_64_TO_32_BIT_CONVERSION = YES;
				GCC_WARN_ABOUT_RETURN_TYPE = YES_ERROR;
				GCC_WARN_UNDECLARED_SELECTOR = YES;
				GCC_WARN_UNINITIALIZED_AUTOS = YES_AGGRESSIVE;
				GCC_WARN_UNUSED_FUNCTION = YES;
				GCC_WARN_UNUSED_VARIABLE = YES;
				LOCALIZATION_PREFERS_STRING_CATALOGS = YES;
				MTL_ENABLE_DEBUG_INFO = INCLUDE_SOURCE;
				MTL_FAST_MATH = YES;
				ONLY_ACTIVE_ARCH = YES;
				SWIFT_ACTIVE_COMPILATION_CONDITIONS = "DEBUG $(inherited)";
				SWIFT_OPTIMIZATION_LEVEL = "-Onone";
			};
			name = Debug;
		};
		90FF935F2C883CE9001CDCE4 /* Release */ = {
			isa = XCBuildConfiguration;
			buildSettings = {
				ALWAYS_SEARCH_USER_PATHS = NO;
				ASSETCATALOG_COMPILER_GENERATE_SWIFT_ASSET_SYMBOL_EXTENSIONS = YES;
				CLANG_ANALYZER_NONNULL = YES;
				CLANG_ANALYZER_NUMBER_OBJECT_CONVERSION = YES_AGGRESSIVE;
				CLANG_CXX_LANGUAGE_STANDARD = "gnu++20";
				CLANG_ENABLE_MODULES = YES;
				CLANG_ENABLE_OBJC_ARC = YES;
				CLANG_ENABLE_OBJC_WEAK = YES;
				CLANG_WARN_BLOCK_CAPTURE_AUTORELEASING = YES;
				CLANG_WARN_BOOL_CONVERSION = YES;
				CLANG_WARN_COMMA = YES;
				CLANG_WARN_CONSTANT_CONVERSION = YES;
				CLANG_WARN_DEPRECATED_OBJC_IMPLEMENTATIONS = YES;
				CLANG_WARN_DIRECT_OBJC_ISA_USAGE = YES_ERROR;
				CLANG_WARN_DOCUMENTATION_COMMENTS = YES;
				CLANG_WARN_EMPTY_BODY = YES;
				CLANG_WARN_ENUM_CONVERSION = YES;
				CLANG_WARN_INFINITE_RECURSION = YES;
				CLANG_WARN_INT_CONVERSION = YES;
				CLANG_WARN_NON_LITERAL_NULL_CONVERSION = YES;
				CLANG_WARN_OBJC_IMPLICIT_RETAIN_SELF = YES;
				CLANG_WARN_OBJC_LITERAL_CONVERSION = YES;
				CLANG_WARN_OBJC_ROOT_CLASS = YES_ERROR;
				CLANG_WARN_QUOTED_INCLUDE_IN_FRAMEWORK_HEADER = YES;
				CLANG_WARN_RANGE_LOOP_ANALYSIS = YES;
				CLANG_WARN_STRICT_PROTOTYPES = YES;
				CLANG_WARN_SUSPICIOUS_MOVE = YES;
				CLANG_WARN_UNGUARDED_AVAILABILITY = YES_AGGRESSIVE;
				CLANG_WARN_UNREACHABLE_CODE = YES;
				CLANG_WARN__DUPLICATE_METHOD_MATCH = YES;
				COPY_PHASE_STRIP = NO;
				DEBUG_INFORMATION_FORMAT = "dwarf-with-dsym";
				ENABLE_NS_ASSERTIONS = NO;
				ENABLE_STRICT_OBJC_MSGSEND = YES;
				ENABLE_USER_SCRIPT_SANDBOXING = YES;
				GCC_C_LANGUAGE_STANDARD = gnu17;
				GCC_NO_COMMON_BLOCKS = YES;
				GCC_WARN_64_TO_32_BIT_CONVERSION = YES;
				GCC_WARN_ABOUT_RETURN_TYPE = YES_ERROR;
				GCC_WARN_UNDECLARED_SELECTOR = YES;
				GCC_WARN_UNINITIALIZED_AUTOS = YES_AGGRESSIVE;
				GCC_WARN_UNUSED_FUNCTION = YES;
				GCC_WARN_UNUSED_VARIABLE = YES;
				LOCALIZATION_PREFERS_STRING_CATALOGS = YES;
				MTL_ENABLE_DEBUG_INFO = NO;
				MTL_FAST_MATH = YES;
				SWIFT_COMPILATION_MODE = wholemodule;
			};
			name = Release;
		};
		90FF93612C883CE9001CDCE4 /* Debug */ = {
			isa = XCBuildConfiguration;
			buildSettings = {
				ASSETCATALOG_COMPILER_APPICON_NAME = AppIcon;
				ASSETCATALOG_COMPILER_GLOBAL_ACCENT_COLOR_NAME = AccentColor;
				CODE_SIGN_ENTITLEMENTS = wakeonlan/wakeonlan.entitlements;
				CODE_SIGN_STYLE = Automatic;
				CURRENT_PROJECT_VERSION = 1;
				DEVELOPMENT_ASSET_PATHS = "\"wakeonlan/Preview Content\"";
				DEVELOPMENT_TEAM = 626XV358Y5;
				ENABLE_HARDENED_RUNTIME = YES;
				ENABLE_PREVIEWS = YES;
				GENERATE_INFOPLIST_FILE = YES;
				INFOPLIST_KEY_CFBundleDisplayName = WakeOnLan;
				INFOPLIST_KEY_LSApplicationCategoryType = "public.app-category.utilities";
				"INFOPLIST_KEY_UIApplicationSceneManifest_Generation[sdk=iphoneos*]" = YES;
				"INFOPLIST_KEY_UIApplicationSceneManifest_Generation[sdk=iphonesimulator*]" = YES;
				"INFOPLIST_KEY_UIApplicationSupportsIndirectInputEvents[sdk=iphoneos*]" = YES;
				"INFOPLIST_KEY_UIApplicationSupportsIndirectInputEvents[sdk=iphonesimulator*]" = YES;
				"INFOPLIST_KEY_UILaunchScreen_Generation[sdk=iphoneos*]" = YES;
				"INFOPLIST_KEY_UILaunchScreen_Generation[sdk=iphonesimulator*]" = YES;
				"INFOPLIST_KEY_UIStatusBarStyle[sdk=iphoneos*]" = UIStatusBarStyleDefault;
				"INFOPLIST_KEY_UIStatusBarStyle[sdk=iphonesimulator*]" = UIStatusBarStyleDefault;
				INFOPLIST_KEY_UISupportedInterfaceOrientations_iPad = "UIInterfaceOrientationPortrait UIInterfaceOrientationPortraitUpsideDown UIInterfaceOrientationLandscapeLeft UIInterfaceOrientationLandscapeRight";
				INFOPLIST_KEY_UISupportedInterfaceOrientations_iPhone = "UIInterfaceOrientationPortrait UIInterfaceOrientationLandscapeLeft UIInterfaceOrientationLandscapeRight";
				IPHONEOS_DEPLOYMENT_TARGET = 16.0;
				LD_RUNPATH_SEARCH_PATHS = "@executable_path/Frameworks";
				"LD_RUNPATH_SEARCH_PATHS[sdk=macosx*]" = "@executable_path/../Frameworks";
				MACOSX_DEPLOYMENT_TARGET = 13.0;
				MARKETING_VERSION = 1.0;
				PRODUCT_BUNDLE_IDENTIFIER = com.MikeMichael.wakeonlan;
				PRODUCT_NAME = "$(TARGET_NAME)";
				SDKROOT = auto;
				SUPPORTED_PLATFORMS = "iphoneos iphonesimulator macosx";
				SWIFT_EMIT_LOC_STRINGS = YES;
				SWIFT_VERSION = 5.0;
				TARGETED_DEVICE_FAMILY = "1,2";
			};
			name = Debug;
		};
		90FF93622C883CE9001CDCE4 /* Release */ = {
			isa = XCBuildConfiguration;
			buildSettings = {
				ASSETCATALOG_COMPILER_APPICON_NAME = AppIcon;
				ASSETCATALOG_COMPILER_GLOBAL_ACCENT_COLOR_NAME = AccentColor;
				CODE_SIGN_ENTITLEMENTS = wakeonlan/wakeonlan.entitlements;
				CODE_SIGN_STYLE = Automatic;
				CURRENT_PROJECT_VERSION = 1;
				DEVELOPMENT_ASSET_PATHS = "\"wakeonlan/Preview Content\"";
				DEVELOPMENT_TEAM = 626XV358Y5;
				ENABLE_HARDENED_RUNTIME = YES;
				ENABLE_PREVIEWS = YES;
				GENERATE_INFOPLIST_FILE = YES;
				INFOPLIST_KEY_CFBundleDisplayName = WakeOnLan;
				INFOPLIST_KEY_LSApplicationCategoryType = "public.app-category.utilities";
				"INFOPLIST_KEY_UIApplicationSceneManifest_Generation[sdk=iphoneos*]" = YES;
				"INFOPLIST_KEY_UIApplicationSceneManifest_Generation[sdk=iphonesimulator*]" = YES;
				"INFOPLIST_KEY_UIApplicationSupportsIndirectInputEvents[sdk=iphoneos*]" = YES;
				"INFOPLIST_KEY_UIApplicationSupportsIndirectInputEvents[sdk=iphonesimulator*]" = YES;
				"INFOPLIST_KEY_UILaunchScreen_Generation[sdk=iphoneos*]" = YES;
				"INFOPLIST_KEY_UILaunchScreen_Generation[sdk=iphonesimulator*]" = YES;
				"INFOPLIST_KEY_UIStatusBarStyle[sdk=iphoneos*]" = UIStatusBarStyleDefault;
				"INFOPLIST_KEY_UIStatusBarStyle[sdk=iphonesimulator*]" = UIStatusBarStyleDefault;
				INFOPLIST_KEY_UISupportedInterfaceOrientations_iPad = "UIInterfaceOrientationPortrait UIInterfaceOrientationPortraitUpsideDown UIInterfaceOrientationLandscapeLeft UIInterfaceOrientationLandscapeRight";
				INFOPLIST_KEY_UISupportedInterfaceOrientations_iPhone = "UIInterfaceOrientationPortrait UIInterfaceOrientationLandscapeLeft UIInterfaceOrientationLandscapeRight";
				IPHONEOS_DEPLOYMENT_TARGET = 16.0;
				LD_RUNPATH_SEARCH_PATHS = "@executable_path/Frameworks";
				"LD_RUNPATH_SEARCH_PATHS[sdk=macosx*]" = "@executable_path/../Frameworks";
				MACOSX_DEPLOYMENT_TARGET = 13.0;
				MARKETING_VERSION = 1.0;
				PRODUCT_BUNDLE_IDENTIFIER = com.MikeMichael.wakeonlan;
				PRODUCT_NAME = "$(TARGET_NAME)";
				SDKROOT = auto;
				SUPPORTED_PLATFORMS = "iphoneos iphonesimulator macosx";
				SWIFT_EMIT_LOC_STRINGS = YES;
				SWIFT_VERSION = 5.0;
				TARGETED_DEVICE_FAMILY = "1,2";
			};
			name = Release;
		};
/* End XCBuildConfiguration section */

/* Begin XCConfigurationList section */
		90FF934C2C883CE7001CDCE4 /* Build configuration list for PBXProject "wakeonlan" */ = {
			isa = XCConfigurationList;
			buildConfigurations = (
				90FF935E2C883CE9001CDCE4 /* Debug */,
				90FF935F2C883CE9001CDCE4 /* Release */,
			);
			defaultConfigurationIsVisible = 0;
			defaultConfigurationName = Release;
		};
		90FF93602C883CE9001CDCE4 /* Build configuration list for PBXNativeTarget "wakeonlan" */ = {
			isa = XCConfigurationList;
			buildConfigurations = (
				90FF93612C883CE9001CDCE4 /* Debug */,
				90FF93622C883CE9001CDCE4 /* Release */,
			);
			defaultConfigurationIsVisible = 0;
			defaultConfigurationName = Release;
		};
/* End XCConfigurationList section */
	};
	rootObject = 90FF93492C883CE7001CDCE4 /* Project object */;
}
